
Microsoft Visual Studio Solution File, Format Version 12.00
# Visual Studio Version 16
VisualStudioVersion = 16.0.29728.190
MinimumVisualStudioVersion = 10.0.40219.1
Project("{FAE04EC0-301F-11D3-BF4B-00C04F79EFBC}") = "forge.wpf.csharp", "forge.wpf.csharp\forge.wpf.csharp.csproj", "{36D10F0E-7393-4195-8204-874ACCA9EC7A}"
EndProject
Project("{2150E333-8FDC-42A3-9474-1A3956D46DE8}") = "Solution Items", "Solution Items", "{FB82A1F1-BF1C-4442-8776-1DC5C805D68E}"
	ProjectSection(SolutionItems) = preProject
		.editorconfig = .editorconfig
	EndProjectSection
EndProject
Global
	GlobalSection(SolutionConfigurationPlatforms) = preSolution
		Debug|Any CPU = Debug|Any CPU
		Release|Any CPU = Release|Any CPU
	EndGlobalSection
	GlobalSection(ProjectConfigurationPlatforms) = postSolution
		{36D10F0E-7393-4195-8204-874ACCA9EC7A}.Debug|Any CPU.ActiveCfg = Debug|Any CPU
		{36D10F0E-7393-4195-8204-874ACCA9EC7A}.Debug|Any CPU.Build.0 = Debug|Any CPU
		{36D10F0E-7393-4195-8204-874ACCA9EC7A}.Release|Any CPU.ActiveCfg = Release|Any CPU
		{36D10F0E-7393-4195-8204-874ACCA9EC7A}.Release|Any CPU.Build.0 = Release|Any CPU
	EndGlobalSection
	GlobalSection(SolutionProperties) = preSolution
		HideSolutionNode = FALSE
	EndGlobalSection
	GlobalSection(ExtensibilityGlobals) = postSolution
		SolutionGuid = {55D54566-54B2-4EE9-B5CD-D52C8368948F}
	EndGlobalSection
EndGlobal
